
Microsoft Visual Studio Solution File, Format Version 12.00
# Visual Studio Version 17
VisualStudioVersion = 17.5.33414.496
MinimumVisualStudioVersion = 10.0.40219.1
Project("{FAE04EC0-301F-11D3-BF4B-00C04F79EFBC}") = "pr7_regist", "pr7_regist\pr7_regist.csproj", "{0A032155-8ACB-4955-9F71-A20024031B54}"
EndProject
Project("{FAE04EC0-301F-11D3-BF4B-00C04F79EFBC}") = "UnitTestProject", "UnitTestProject\UnitTestProject.csproj", "{7A703A42-781A-4032-B4D1-9513144CF26B}"
EndProject
Global
	GlobalSection(SolutionConfigurationPlatforms) = preSolution
		Debug|Any CPU = Debug|Any CPU
		Release|Any CPU = Release|Any CPU
	EndGlobalSection
	GlobalSection(ProjectConfigurationPlatforms) = postSolution
		{0A032155-8ACB-4955-9F71-A20024031B54}.Debug|Any CPU.ActiveCfg = Debug|Any CPU
		{0A032155-8ACB-4955-9F71-A20024031B54}.Debug|Any CPU.Build.0 = Debug|Any CPU
		{0A032155-8ACB-4955-9F71-A20024031B54}.Release|Any CPU.ActiveCfg = Release|Any CPU
		{0A032155-8ACB-4955-9F71-A20024031B54}.Release|Any CPU.Build.0 = Release|Any CPU
		{7A703A42-781A-4032-B4D1-9513144CF26B}.Debug|Any CPU.ActiveCfg = Debug|Any CPU
		{7A703A42-781A-4032-B4D1-9513144CF26B}.Debug|Any CPU.Build.0 = Debug|Any CPU
		{7A703A42-781A-4032-B4D1-9513144CF26B}.Release|Any CPU.ActiveCfg = Release|Any CPU
		{7A703A42-781A-4032-B4D1-9513144CF26B}.Release|Any CPU.Build.0 = Release|Any CPU
	EndGlobalSection
	GlobalSection(SolutionProperties) = preSolution
		HideSolutionNode = FALSE
	EndGlobalSection
	GlobalSection(ExtensibilityGlobals) = postSolution
		SolutionGuid = {5A2AE116-C6B4-49CB-BA2A-D2EEA473734E}
	EndGlobalSection
EndGlobal
